
Microsoft Visual Studio Solution File, Format Version 12.00
Project("{FAE04EC0-301F-11D3-BF4B-00C04F79EFBC}") = "EPS.SignalR", "EPS.SignalR\EPS.SignalR.csproj", "{720D2D0A-F76C-45C2-9AD3-AC4AAB56883F}"
EndProject
Project("{FAE04EC0-301F-11D3-BF4B-00C04F79EFBC}") = "EPS.Tests", "EPS.Tests\EPS.Tests.csproj", "{23820E57-D185-47EE-A4F9-8C436F2505B5}"
EndProject
Project("{FAE04EC0-301F-11D3-BF4B-00C04F79EFBC}") = "EPS.Web", "EPS.Web\EPS.Web.csproj", "{AC74843A-0FC8-4E3E-8C48-B561D7F07C86}"
EndProject
Global
	GlobalSection(SolutionConfigurationPlatforms) = preSolution
		Debug|Any CPU = Debug|Any CPU
		Release|Any CPU = Release|Any CPU
	EndGlobalSection
	GlobalSection(ProjectConfigurationPlatforms) = postSolution
		{720D2D0A-F76C-45C2-9AD3-AC4AAB56883F}.Debug|Any CPU.ActiveCfg = Debug|Any CPU
		{720D2D0A-F76C-45C2-9AD3-AC4AAB56883F}.Debug|Any CPU.Build.0 = Debug|Any CPU
		{720D2D0A-F76C-45C2-9AD3-AC4AAB56883F}.Release|Any CPU.ActiveCfg = Release|Any CPU
		{720D2D0A-F76C-45C2-9AD3-AC4AAB56883F}.Release|Any CPU.Build.0 = Release|Any CPU
		{23820E57-D185-47EE-A4F9-8C436F2505B5}.Debug|Any CPU.ActiveCfg = Debug|Any CPU
		{23820E57-D185-47EE-A4F9-8C436F2505B5}.Debug|Any CPU.Build.0 = Debug|Any CPU
		{23820E57-D185-47EE-A4F9-8C436F2505B5}.Release|Any CPU.ActiveCfg = Release|Any CPU
		{23820E57-D185-47EE-A4F9-8C436F2505B5}.Release|Any CPU.Build.0 = Release|Any CPU
		{AC74843A-0FC8-4E3E-8C48-B561D7F07C86}.Debug|Any CPU.ActiveCfg = Debug|Any CPU
		{AC74843A-0FC8-4E3E-8C48-B561D7F07C86}.Debug|Any CPU.Build.0 = Debug|Any CPU
		{AC74843A-0FC8-4E3E-8C48-B561D7F07C86}.Release|Any CPU.ActiveCfg = Release|Any CPU
		{AC74843A-0FC8-4E3E-8C48-B561D7F07C86}.Release|Any CPU.Build.0 = Release|Any CPU
	EndGlobalSection
EndGlobal
